<?xml version="1.0" encoding="utf-8"?>
<Project ToolsVersion="4.0" xmlns="http://schemas.microsoft.com/developer/msbuild/2003">
  <ItemGroup>
    <Filter Include="Source files">
      <UniqueIdentifier>{af9f97f6-fcb8-4a8f-b3c2-f80068866291}</UniqueIdentifier>
      <Extensions>cpp;c;cc;cxx;def;odl;idl;hpj;bat;asm;asmx</Extensions>
    </Filter>
    <Filter Include="Header files">
      <UniqueIdentifier>{d5c5bd27-0282-478d-be15-e983969d7e73}</UniqueIdentifier>
      <Extensions>h;hpp;hxx;hm;inl;inc;xsd</Extensions>
    </Filter>
    <Filter Include="Resource files">
      <UniqueIdentifier>{9e3483ce-43be-4d06-901d-59da2f329b27}</UniqueIdentifier>
      <Extensions>rc;ico;cur;bmp;dlg;rc2;rct;bin;rgs;gif;jpg;jpeg;jpe;resx;tiff;tif;png;wav</Extensions>
    </Filter>
    <Filter Include="VisualGDB settings">
      <UniqueIdentifier>{01a97cc2-acb9-4dd6-a068-46850ebb738f}</UniqueIdentifier>
      <Extensions>vgdbsettings</Extensions>
    </Filter>
  </ItemGroup>
  <ItemGroup>
    <None Include="Diagbox_Lin-Debug.vgdbsettings">
      <Filter>VisualGDB settings</Filter>
    </None>
    <None Include="Diagbox_Lin-Release.vgdbsettings">
      <Filter>VisualGDB settings</Filter>
    </None>
  </ItemGroup>
  <ItemGroup>
    <ClCompile Include="global.c">
      <Filter>Source files</Filter>
    </ClCompile>
    <ClCompile Include="Hex_FileRead.c">
      <Filter>Source files</Filter>
    </ClCompile>
    <ClCompile Include="main.c">
      <Filter>Source files</Filter>
    </ClCompile>
    <ClCompile Include="s19_FileRead.c">
      <Filter>Source files</Filter>
    </ClCompile>
    <ClCompile Include="socket_can.c">
      <Filter>Source files</Filter>
    </ClCompile>
    <ClCompile Include="UDS.c">
      <Filter>Source files</Filter>
    </ClCompile>
  </ItemGroup>
  <ItemGroup>
    <ClInclude Include="Hex_FileRead.h">
      <Filter>Header files</Filter>
    </ClInclude>
    <ClInclude Include="s19_FileRead.h">
      <Filter>Header files</Filter>
    </ClInclude>
    <ClInclude Include="socket_can.h">
      <Filter>Header files</Filter>
    </ClInclude>
    <ClInclude Include="UDS.h">
      <Filter>Header files</Filter>
    </ClInclude>
    <ClInclude Include="SA_algorithm.h">
      <Filter>Header files</Filter>
    </ClInclude>
  </ItemGroup>
</Project>