
Microsoft Visual Studio Solution File, Format Version 12.00
# Visual Studio 2013
VisualStudioVersion = 12.0.31101.0
MinimumVisualStudioVersion = 10.0.40219.1
Project("{8BC9CEB8-8B4A-11D0-8D11-00A0C91BC942}") = "Diagbox_Lin", "Diagbox_Lin\Diagbox_Lin.vcxproj", "{19AB9DBA-397D-4919-9705-5339E1332293}"
EndProject
Global
	GlobalSection(SolutionConfigurationPlatforms) = preSolution
		Debug|VisualGDB = Debug|VisualGDB
		Release|VisualGDB = Release|VisualGDB
	EndGlobalSection
	GlobalSection(ProjectConfigurationPlatforms) = postSolution
		{19AB9DBA-397D-4919-9705-5339E1332293}.Debug|VisualGDB.ActiveCfg = Debug|VisualGDB
		{19AB9DBA-397D-4919-9705-5339E1332293}.Debug|VisualGDB.Build.0 = Debug|VisualGDB
		{19AB9DBA-397D-4919-9705-5339E1332293}.Release|VisualGDB.ActiveCfg = Release|VisualGDB
		{19AB9DBA-397D-4919-9705-5339E1332293}.Release|VisualGDB.Build.0 = Release|VisualGDB
	EndGlobalSection
	GlobalSection(SolutionProperties) = preSolution
		HideSolutionNode = FALSE
	EndGlobalSection
EndGlobal
